
Microsoft Visual Studio Solution File, Format Version 12.00
# Visual Studio Version 16
VisualStudioVersion = 16.0.30711.63
MinimumVisualStudioVersion = 10.0.40219.1
Project("{FAE04EC0-301F-11D3-BF4B-00C04F79EFBC}") = "Roar.API", "Roar.API\Roar.API.csproj", "{2EE9A74F-BF57-40A3-897B-76DA954C710D}"
EndProject
Global
	GlobalSection(SolutionConfigurationPlatforms) = preSolution
		Debug|Any CPU = Debug|Any CPU
		Release|Any CPU = Release|Any CPU
	EndGlobalSection
	GlobalSection(ProjectConfigurationPlatforms) = postSolution
		{2EE9A74F-BF57-40A3-897B-76DA954C710D}.Debug|Any CPU.ActiveCfg = Debug|Any CPU
		{2EE9A74F-BF57-40A3-897B-76DA954C710D}.Debug|Any CPU.Build.0 = Debug|Any CPU
		{2EE9A74F-BF57-40A3-897B-76DA954C710D}.Release|Any CPU.ActiveCfg = Release|Any CPU
		{2EE9A74F-BF57-40A3-897B-76DA954C710D}.Release|Any CPU.Build.0 = Release|Any CPU
	EndGlobalSection
	GlobalSection(SolutionProperties) = preSolution
		HideSolutionNode = FALSE
	EndGlobalSection
	GlobalSection(ExtensibilityGlobals) = postSolution
		SolutionGuid = {35FBC850-EEFF-4C43-9BDA-76EC2D8CBB9D}
	EndGlobalSection
EndGlobal
